// !$*UTF8*$!
{
	archiveVersion = 1;
	classes = {
	};
	objectVersion = 50;
	objects = {

/* Begin PBXFileReference section */
		DF67BA4622B5B6C10009A900 /* config.plist */ = {isa = PBXFileReference; lastKnownFileType = text.plist.xml; path = config.plist; sourceTree = "<group>"; };
		DF67BA4722B5B6C10009A900 /* hotpatch */ = {isa = PBXFileReference; lastKnownFileType = folder; path = hotpatch; sourceTree = "<group>"; };
		DF67BA4822B5B6D50009A900 /* Audio */ = {isa = PBXFileReference; lastKnownFileType = folder; path = Audio; sourceTree = "<group>"; };
		DFA13E182301AB3E0005ABD5 /* SSDT-X240.aml */ = {isa = PBXFileReference; lastKnownFileType = file; path = "SSDT-X240.aml"; sourceTree = "<group>"; };
		DFA907EF22C82B4D0038418B /* Themes */ = {isa = PBXFileReference; lastKnownFileType = folder; path = Themes; sourceTree = "<group>"; };
		DFA907F022C82B5C0038418B /* kexts */ = {isa = PBXFileReference; lastKnownFileType = folder; path = kexts; sourceTree = "<group>"; };
/* End PBXFileReference section */

/* Begin PBXGroup section */
		DF67BA3F22B5B65D0009A900 = {
			isa = PBXGroup;
			children = (
				DFA13E182301AB3E0005ABD5 /* SSDT-X240.aml */,
				DF67BA4622B5B6C10009A900 /* config.plist */,
				DFA907F022C82B5C0038418B /* kexts */,
				DFA907EF22C82B4D0038418B /* Themes */,
				DF67BA4822B5B6D50009A900 /* Audio */,
				DF67BA4722B5B6C10009A900 /* hotpatch */,
			);
			sourceTree = "<group>";
		};
/* End PBXGroup section */

/* Begin PBXProject section */
		DF67BA4022B5B65D0009A900 /* Project object */ = {
			isa = PBXProject;
			attributes = {
				LastUpgradeCheck = 1020;
			};
			buildConfigurationList = DF67BA4322B5B65D0009A900 /* Build configuration list for PBXProject "X240" */;
			compatibilityVersion = "Xcode 9.3";
			developmentRegion = en;
			hasScannedForEncodings = 0;
			knownRegions = (
				en,
			);
			mainGroup = DF67BA3F22B5B65D0009A900;
			projectDirPath = "";
			projectRoot = "";
			targets = (
			);
		};
/* End PBXProject section */

/* Begin XCBuildConfiguration section */
		DF67BA4422B5B65D0009A900 /* Debug */ = {
			isa = XCBuildConfiguration;
			buildSettings = {
			};
			name = Debug;
		};
		DF67BA4522B5B65D0009A900 /* Release */ = {
			isa = XCBuildConfiguration;
			buildSettings = {
			};
			name = Release;
		};
/* End XCBuildConfiguration section */

/* Begin XCConfigurationList section */
		DF67BA4322B5B65D0009A900 /* Build configuration list for PBXProject "X240" */ = {
			isa = XCConfigurationList;
			buildConfigurations = (
				DF67BA4422B5B65D0009A900 /* Debug */,
				DF67BA4522B5B65D0009A900 /* Release */,
			);
			defaultConfigurationIsVisible = 0;
			defaultConfigurationName = Release;
		};
/* End XCConfigurationList section */
	};
	rootObject = DF67BA4022B5B65D0009A900 /* Project object */;
}
